// !$*UTF8*$!
{
	archiveVersion = 1;
	classes = {
	};
	objectVersion = 46;
	objects = {

/* Begin PBXBuildFile section */
		8BAE132E204A7B6C00D2969C /* DonorAndAcceptorViewController.swift in Sources */ = {isa = PBXBuildFile; fileRef = 8BAE132D204A7B6C00D2969C /* DonorAndAcceptorViewController.swift */; };
		8BAE1330204A7B8100D2969C /* ProfileViewController.swift in Sources */ = {isa = PBXBuildFile; fileRef = 8BAE132F204A7B8100D2969C /* ProfileViewController.swift */; };
		8BDC5142204116E9008D6454 /* DonorViewController.swift in Sources */ = {isa = PBXBuildFile; fileRef = 8BDC5141204116E9008D6454 /* DonorViewController.swift */; };
		8BDC5144204116FF008D6454 /* AcceptorViewController.swift in Sources */ = {isa = PBXBuildFile; fileRef = 8BDC5143204116FF008D6454 /* AcceptorViewController.swift */; };
		8BDC51482041689A008D6454 /* DonorCollectionViewCell.swift in Sources */ = {isa = PBXBuildFile; fileRef = 8BDC51472041689A008D6454 /* DonorCollectionViewCell.swift */; };
		8BDC514A204168D1008D6454 /* AcceptorCollectionViewCell.swift in Sources */ = {isa = PBXBuildFile; fileRef = 8BDC5149204168D1008D6454 /* AcceptorCollectionViewCell.swift */; };
		8BE79DE9203E5B750069FA05 /* AppDelegate.swift in Sources */ = {isa = PBXBuildFile; fileRef = 8BE79DE8203E5B750069FA05 /* AppDelegate.swift */; };
		8BE79DEB203E5B750069FA05 /* ViewController.swift in Sources */ = {isa = PBXBuildFile; fileRef = 8BE79DEA203E5B750069FA05 /* ViewController.swift */; };
		8BE79DEE203E5B760069FA05 /* Main.storyboard in Resources */ = {isa = PBXBuildFile; fileRef = 8BE79DEC203E5B760069FA05 /* Main.storyboard */; };
		8BE79DF1203E5B760069FA05 /* BloodBankApp.xcdatamodeld in Sources */ = {isa = PBXBuildFile; fileRef = 8BE79DEF203E5B760069FA05 /* BloodBankApp.xcdatamodeld */; };
		8BE79DF3203E5B760069FA05 /* Assets.xcassets in Resources */ = {isa = PBXBuildFile; fileRef = 8BE79DF2203E5B760069FA05 /* Assets.xcassets */; };
		8BE79DF6203E5B760069FA05 /* LaunchScreen.storyboard in Resources */ = {isa = PBXBuildFile; fileRef = 8BE79DF4203E5B760069FA05 /* LaunchScreen.storyboard */; };
		8BE79E01203E5B760069FA05 /* BloodBankAppTests.swift in Sources */ = {isa = PBXBuildFile; fileRef = 8BE79E00203E5B760069FA05 /* BloodBankAppTests.swift */; };
		8BE79E0C203E5B760069FA05 /* BloodBankAppUITests.swift in Sources */ = {isa = PBXBuildFile; fileRef = 8BE79E0B203E5B760069FA05 /* BloodBankAppUITests.swift */; };
		8BFEEC14203F21A9009BD98B /* SignUpViewController.swift in Sources */ = {isa = PBXBuildFile; fileRef = 8BFEEC13203F21A9009BD98B /* SignUpViewController.swift */; };
		8BFEF239204AD3920032E5E4 /* details.json in Resources */ = {isa = PBXBuildFile; fileRef = 8BFEF238204AD3920032E5E4 /* details.json */; };
/* End PBXBuildFile section */

/* Begin PBXContainerItemProxy section */
		8BE79DFD203E5B760069FA05 /* PBXContainerItemProxy */ = {
			isa = PBXContainerItemProxy;
			containerPortal = 8BE79DDD203E5B750069FA05 /* Project object */;
			proxyType = 1;
			remoteGlobalIDString = 8BE79DE4203E5B750069FA05;
			remoteInfo = BloodBankApp;
		};
		8BE79E08203E5B760069FA05 /* PBXContainerItemProxy */ = {
			isa = PBXContainerItemProxy;
			containerPortal = 8BE79DDD203E5B750069FA05 /* Project object */;
			proxyType = 1;
			remoteGlobalIDString = 8BE79DE4203E5B750069FA05;
			remoteInfo = BloodBankApp;
		};
/* End PBXContainerItemProxy section */

/* Begin PBXFileReference section */
		8BAE132D204A7B6C00D2969C /* DonorAndAcceptorViewController.swift */ = {isa = PBXFileReference; fileEncoding = 4; lastKnownFileType = sourcecode.swift; path = DonorAndAcceptorViewController.swift; sourceTree = "<group>"; };
		8BAE132F204A7B8100D2969C /* ProfileViewController.swift */ = {isa = PBXFileReference; fileEncoding = 4; lastKnownFileType = sourcecode.swift; path = ProfileViewController.swift; sourceTree = "<group>"; };
		8BDC5141204116E9008D6454 /* DonorViewController.swift */ = {isa = PBXFileReference; fileEncoding = 4; lastKnownFileType = sourcecode.swift; path = DonorViewController.swift; sourceTree = "<group>"; };
		8BDC5143204116FF008D6454 /* AcceptorViewController.swift */ = {isa = PBXFileReference; fileEncoding = 4; lastKnownFileType = sourcecode.swift; path = AcceptorViewController.swift; sourceTree = "<group>"; };
		8BDC51472041689A008D6454 /* DonorCollectionViewCell.swift */ = {isa = PBXFileReference; fileEncoding = 4; lastKnownFileType = sourcecode.swift; path = DonorCollectionViewCell.swift; sourceTree = "<group>"; };
		8BDC5149204168D1008D6454 /* AcceptorCollectionViewCell.swift */ = {isa = PBXFileReference; fileEncoding = 4; lastKnownFileType = sourcecode.swift; path = AcceptorCollectionViewCell.swift; sourceTree = "<group>"; };
		8BE79DE5203E5B750069FA05 /* BloodBankApp.app */ = {isa = PBXFileReference; explicitFileType = wrapper.application; includeInIndex = 0; path = BloodBankApp.app; sourceTree = BUILT_PRODUCTS_DIR; };
		8BE79DE8203E5B750069FA05 /* AppDelegate.swift */ = {isa = PBXFileReference; lastKnownFileType = sourcecode.swift; path = AppDelegate.swift; sourceTree = "<group>"; };
		8BE79DEA203E5B750069FA05 /* ViewController.swift */ = {isa = PBXFileReference; lastKnownFileType = sourcecode.swift; path = ViewController.swift; sourceTree = "<group>"; };
		8BE79DED203E5B760069FA05 /* Base */ = {isa = PBXFileReference; lastKnownFileType = file.storyboard; name = Base; path = Base.lproj/Main.storyboard; sourceTree = "<group>"; };
		8BE79DF0203E5B760069FA05 /* BloodBankApp.xcdatamodel */ = {isa = PBXFileReference; lastKnownFileType = wrapper.xcdatamodel; path = BloodBankApp.xcdatamodel; sourceTree = "<group>"; };
		8BE79DF2203E5B760069FA05 /* Assets.xcassets */ = {isa = PBXFileReference; lastKnownFileType = folder.assetcatalog; path = Assets.xcassets; sourceTree = "<group>"; };
		8BE79DF5203E5B760069FA05 /* Base */ = {isa = PBXFileReference; lastKnownFileType = file.storyboard; name = Base; path = Base.lproj/LaunchScreen.storyboard; sourceTree = "<group>"; };
		8BE79DF7203E5B760069FA05 /* Info.plist */ = {isa = PBXFileReference; lastKnownFileType = text.plist.xml; path = Info.plist; sourceTree = "<group>"; };
		8BE79DFC203E5B760069FA05 /* BloodBankAppTests.xctest */ = {isa = PBXFileReference; explicitFileType = wrapper.cfbundle; includeInIndex = 0; path = BloodBankAppTests.xctest; sourceTree = BUILT_PRODUCTS_DIR; };
		8BE79E00203E5B760069FA05 /* BloodBankAppTests.swift */ = {isa = PBXFileReference; lastKnownFileType = sourcecode.swift; path = BloodBankAppTests.swift; sourceTree = "<group>"; };
		8BE79E02203E5B760069FA05 /* Info.plist */ = {isa = PBXFileReference; lastKnownFileType = text.plist.xml; path = Info.plist; sourceTree = "<group>"; };
		8BE79E07203E5B760069FA05 /* BloodBankAppUITests.xctest */ = {isa = PBXFileReference; explicitFileType = wrapper.cfbundle; includeInIndex = 0; path = BloodBankAppUITests.xctest; sourceTree = BUILT_PRODUCTS_DIR; };
		8BE79E0B203E5B760069FA05 /* BloodBankAppUITests.swift */ = {isa = PBXFileReference; lastKnownFileType = sourcecode.swift; path = BloodBankAppUITests.swift; sourceTree = "<group>"; };
		8BE79E0D203E5B760069FA05 /* Info.plist */ = {isa = PBXFileReference; lastKnownFileType = text.plist.xml; path = Info.plist; sourceTree = "<group>"; };
		8BFEEC13203F21A9009BD98B /* SignUpViewController.swift */ = {isa = PBXFileReference; fileEncoding = 4; lastKnownFileType = sourcecode.swift; name = SignUpViewController.swift; path = ../SignUpViewController.swift; sourceTree = "<group>"; };
		8BFEF238204AD3920032E5E4 /* details.json */ = {isa = PBXFileReference; fileEncoding = 4; lastKnownFileType = text.json; name = details.json; path = ../../practiceUser/details.json; sourceTree = "<group>"; };
/* End PBXFileReference section */

/* Begin PBXFrameworksBuildPhase section */
		8BE79DE2203E5B750069FA05 /* Frameworks */ = {
			isa = PBXFrameworksBuildPhase;
			buildActionMask = 2147483647;
			files = (
			);
			runOnlyForDeploymentPostprocessing = 0;
		};
		8BE79DF9203E5B760069FA05 /* Frameworks */ = {
			isa = PBXFrameworksBuildPhase;
			buildActionMask = 2147483647;
			files = (
			);
			runOnlyForDeploymentPostprocessing = 0;
		};
		8BE79E04203E5B760069FA05 /* Frameworks */ = {
			isa = PBXFrameworksBuildPhase;
			buildActionMask = 2147483647;
			files = (
			);
			runOnlyForDeploymentPostprocessing = 0;
		};
/* End PBXFrameworksBuildPhase section */

/* Begin PBXGroup section */
		8BE79DDC203E5B750069FA05 = {
			isa = PBXGroup;
			children = (
				8BE79DE7203E5B750069FA05 /* BloodBankApp */,
				8BE79DFF203E5B760069FA05 /* BloodBankAppTests */,
				8BE79E0A203E5B760069FA05 /* BloodBankAppUITests */,
				8BE79DE6203E5B750069FA05 /* Products */,
			);
			sourceTree = "<group>";
		};
		8BE79DE6203E5B750069FA05 /* Products */ = {
			isa = PBXGroup;
			children = (
				8BE79DE5203E5B750069FA05 /* BloodBankApp.app */,
				8BE79DFC203E5B760069FA05 /* BloodBankAppTests.xctest */,
				8BE79E07203E5B760069FA05 /* BloodBankAppUITests.xctest */,
			);
			name = Products;
			sourceTree = "<group>";
		};
		8BE79DE7203E5B750069FA05 /* BloodBankApp */ = {
			isa = PBXGroup;
			children = (
				8BE79DE8203E5B750069FA05 /* AppDelegate.swift */,
				8BE79DEA203E5B750069FA05 /* ViewController.swift */,
				8BE79DEC203E5B760069FA05 /* Main.storyboard */,
				8BAE132F204A7B8100D2969C /* ProfileViewController.swift */,
				8BAE132D204A7B6C00D2969C /* DonorAndAcceptorViewController.swift */,
				8BFEEC13203F21A9009BD98B /* SignUpViewController.swift */,
				8BDC5149204168D1008D6454 /* AcceptorCollectionViewCell.swift */,
				8BDC51472041689A008D6454 /* DonorCollectionViewCell.swift */,
				8BFEF238204AD3920032E5E4 /* details.json */,
				8BDC5141204116E9008D6454 /* DonorViewController.swift */,
				8BDC5143204116FF008D6454 /* AcceptorViewController.swift */,
				8BE79DF2203E5B760069FA05 /* Assets.xcassets */,
				8BE79DF4203E5B760069FA05 /* LaunchScreen.storyboard */,
				8BE79DF7203E5B760069FA05 /* Info.plist */,
				8BE79DEF203E5B760069FA05 /* BloodBankApp.xcdatamodeld */,
			);
			path = BloodBankApp;
			sourceTree = "<group>";
		};
		8BE79DFF203E5B760069FA05 /* BloodBankAppTests */ = {
			isa = PBXGroup;
			children = (
				8BE79E00203E5B760069FA05 /* BloodBankAppTests.swift */,
				8BE79E02203E5B760069FA05 /* Info.plist */,
			);
			path = BloodBankAppTests;
			sourceTree = "<group>";
		};
		8BE79E0A203E5B760069FA05 /* BloodBankAppUITests */ = {
			isa = PBXGroup;
			children = (
				8BE79E0B203E5B760069FA05 /* BloodBankAppUITests.swift */,
				8BE79E0D203E5B760069FA05 /* Info.plist */,
			);
			path = BloodBankAppUITests;
			sourceTree = "<group>";
		};
/* End PBXGroup section */

/* Begin PBXNativeTarget section */
		8BE79DE4203E5B750069FA05 /* BloodBankApp */ = {
			isa = PBXNativeTarget;
			buildConfigurationList = 8BE79E10203E5B760069FA05 /* Build configuration list for PBXNativeTarget "BloodBankApp" */;
			buildPhases = (
				8BE79DE1203E5B750069FA05 /* Sources */,
				8BE79DE2203E5B750069FA05 /* Frameworks */,
				8BE79DE3203E5B750069FA05 /* Resources */,
			);
			buildRules = (
			);
			dependencies = (
			);
			name = BloodBankApp;
			productName = BloodBankApp;
			productReference = 8BE79DE5203E5B750069FA05 /* BloodBankApp.app */;
			productType = "com.apple.product-type.application";
		};
		8BE79DFB203E5B760069FA05 /* BloodBankAppTests */ = {
			isa = PBXNativeTarget;
			buildConfigurationList = 8BE79E13203E5B760069FA05 /* Build configuration list for PBXNativeTarget "BloodBankAppTests" */;
			buildPhases = (
				8BE79DF8203E5B760069FA05 /* Sources */,
				8BE79DF9203E5B760069FA05 /* Frameworks */,
				8BE79DFA203E5B760069FA05 /* Resources */,
			);
			buildRules = (
			);
			dependencies = (
				8BE79DFE203E5B760069FA05 /* PBXTargetDependency */,
			);
			name = BloodBankAppTests;
			productName = BloodBankAppTests;
			productReference = 8BE79DFC203E5B760069FA05 /* BloodBankAppTests.xctest */;
			productType = "com.apple.product-type.bundle.unit-test";
		};
		8BE79E06203E5B760069FA05 /* BloodBankAppUITests */ = {
			isa = PBXNativeTarget;
			buildConfigurationList = 8BE79E16203E5B760069FA05 /* Build configuration list for PBXNativeTarget "BloodBankAppUITests" */;
			buildPhases = (
				8BE79E03203E5B760069FA05 /* Sources */,
				8BE79E04203E5B760069FA05 /* Frameworks */,
				8BE79E05203E5B760069FA05 /* Resources */,
			);
			buildRules = (
			);
			dependencies = (
				8BE79E09203E5B760069FA05 /* PBXTargetDependency */,
			);
			name = BloodBankAppUITests;
			productName = BloodBankAppUITests;
			productReference = 8BE79E07203E5B760069FA05 /* BloodBankAppUITests.xctest */;
			productType = "com.apple.product-type.bundle.ui-testing";
		};
/* End PBXNativeTarget section */

/* Begin PBXProject section */
		8BE79DDD203E5B750069FA05 /* Project object */ = {
			isa = PBXProject;
			attributes = {
				LastSwiftUpdateCheck = 0800;
				LastUpgradeCheck = 0800;
				ORGANIZATIONNAME = "Nano Degree";
				TargetAttributes = {
					8BE79DE4203E5B750069FA05 = {
						CreatedOnToolsVersion = 8.0;
						ProvisioningStyle = Automatic;
					};
					8BE79DFB203E5B760069FA05 = {
						CreatedOnToolsVersion = 8.0;
						ProvisioningStyle = Automatic;
						TestTargetID = 8BE79DE4203E5B750069FA05;
					};
					8BE79E06203E5B760069FA05 = {
						CreatedOnToolsVersion = 8.0;
						ProvisioningStyle = Automatic;
						TestTargetID = 8BE79DE4203E5B750069FA05;
					};
				};
			};
			buildConfigurationList = 8BE79DE0203E5B750069FA05 /* Build configuration list for PBXProject "BloodBankApp" */;
			compatibilityVersion = "Xcode 3.2";
			developmentRegion = English;
			hasScannedForEncodings = 0;
			knownRegions = (
				en,
				Base,
			);
			mainGroup = 8BE79DDC203E5B750069FA05;
			productRefGroup = 8BE79DE6203E5B750069FA05 /* Products */;
			projectDirPath = "";
			projectRoot = "";
			targets = (
				8BE79DE4203E5B750069FA05 /* BloodBankApp */,
				8BE79DFB203E5B760069FA05 /* BloodBankAppTests */,
				8BE79E06203E5B760069FA05 /* BloodBankAppUITests */,
			);
		};
/* End PBXProject section */

/* Begin PBXResourcesBuildPhase section */
		8BE79DE3203E5B750069FA05 /* Resources */ = {
			isa = PBXResourcesBuildPhase;
			buildActionMask = 2147483647;
			files = (
				8BE79DF6203E5B760069FA05 /* LaunchScreen.storyboard in Resources */,
				8BE79DF3203E5B760069FA05 /* Assets.xcassets in Resources */,
				8BFEF239204AD3920032E5E4 /* details.json in Resources */,
				8BE79DEE203E5B760069FA05 /* Main.storyboard in Resources */,
			);
			runOnlyForDeploymentPostprocessing = 0;
		};
		8BE79DFA203E5B760069FA05 /* Resources */ = {
			isa = PBXResourcesBuildPhase;
			buildActionMask = 2147483647;
			files = (
			);
			runOnlyForDeploymentPostprocessing = 0;
		};
		8BE79E05203E5B760069FA05 /* Resources */ = {
			isa = PBXResourcesBuildPhase;
			buildActionMask = 2147483647;
			files = (
			);
			runOnlyForDeploymentPostprocessing = 0;
		};
/* End PBXResourcesBuildPhase section */

/* Begin PBXSourcesBuildPhase section */
		8BE79DE1203E5B750069FA05 /* Sources */ = {
			isa = PBXSourcesBuildPhase;
			buildActionMask = 2147483647;
			files = (
				8BE79DEB203E5B750069FA05 /* ViewController.swift in Sources */,
				8BDC5144204116FF008D6454 /* AcceptorViewController.swift in Sources */,
				8BAE1330204A7B8100D2969C /* ProfileViewController.swift in Sources */,
				8BAE132E204A7B6C00D2969C /* DonorAndAcceptorViewController.swift in Sources */,
				8BE79DE9203E5B750069FA05 /* AppDelegate.swift in Sources */,
				8BFEEC14203F21A9009BD98B /* SignUpViewController.swift in Sources */,
				8BE79DF1203E5B760069FA05 /* BloodBankApp.xcdatamodeld in Sources */,
				8BDC51482041689A008D6454 /* DonorCollectionViewCell.swift in Sources */,
				8BDC514A204168D1008D6454 /* AcceptorCollectionViewCell.swift in Sources */,
				8BDC5142204116E9008D6454 /* DonorViewController.swift in Sources */,
			);
			runOnlyForDeploymentPostprocessing = 0;
		};
		8BE79DF8203E5B760069FA05 /* Sources */ = {
			isa = PBXSourcesBuildPhase;
			buildActionMask = 2147483647;
			files = (
				8BE79E01203E5B760069FA05 /* BloodBankAppTests.swift in Sources */,
			);
			runOnlyForDeploymentPostprocessing = 0;
		};
		8BE79E03203E5B760069FA05 /* Sources */ = {
			isa = PBXSourcesBuildPhase;
			buildActionMask = 2147483647;
			files = (
				8BE79E0C203E5B760069FA05 /* BloodBankAppUITests.swift in Sources */,
			);
			runOnlyForDeploymentPostprocessing = 0;
		};
/* End PBXSourcesBuildPhase section */

/* Begin PBXTargetDependency section */
		8BE79DFE203E5B760069FA05 /* PBXTargetDependency */ = {
			isa = PBXTargetDependency;
			target = 8BE79DE4203E5B750069FA05 /* BloodBankApp */;
			targetProxy = 8BE79DFD203E5B760069FA05 /* PBXContainerItemProxy */;
		};
		8BE79E09203E5B760069FA05 /* PBXTargetDependency */ = {
			isa = PBXTargetDependency;
			target = 8BE79DE4203E5B750069FA05 /* BloodBankApp */;
			targetProxy = 8BE79E08203E5B760069FA05 /* PBXContainerItemProxy */;
		};
/* End PBXTargetDependency section */

/* Begin PBXVariantGroup section */
		8BE79DEC203E5B760069FA05 /* Main.storyboard */ = {
			isa = PBXVariantGroup;
			children = (
				8BE79DED203E5B760069FA05 /* Base */,
			);
			name = Main.storyboard;
			sourceTree = "<group>";
		};
		8BE79DF4203E5B760069FA05 /* LaunchScreen.storyboard */ = {
			isa = PBXVariantGroup;
			children = (
				8BE79DF5203E5B760069FA05 /* Base */,
			);
			name = LaunchScreen.storyboard;
			sourceTree = "<group>";
		};
/* End PBXVariantGroup section */

/* Begin XCBuildConfiguration section */
		8BE79E0E203E5B760069FA05 /* Debug */ = {
			isa = XCBuildConfiguration;
			buildSettings = {
				ALWAYS_SEARCH_USER_PATHS = NO;
				CLANG_ANALYZER_NONNULL = YES;
				CLANG_CXX_LANGUAGE_STANDARD = "gnu++0x";
				CLANG_CXX_LIBRARY = "libc++";
				CLANG_ENABLE_MODULES = YES;
				CLANG_ENABLE_OBJC_ARC = YES;
				CLANG_WARN_BOOL_CONVERSION = YES;
				CLANG_WARN_CONSTANT_CONVERSION = YES;
				CLANG_WARN_DIRECT_OBJC_ISA_USAGE = YES_ERROR;
				CLANG_WARN_DOCUMENTATION_COMMENTS = YES;
				CLANG_WARN_EMPTY_BODY = YES;
				CLANG_WARN_ENUM_CONVERSION = YES;
				CLANG_WARN_INFINITE_RECURSION = YES;
				CLANG_WARN_INT_CONVERSION = YES;
				CLANG_WARN_OBJC_ROOT_CLASS = YES_ERROR;
				CLANG_WARN_SUSPICIOUS_MOVES = YES;
				CLANG_WARN_UNREACHABLE_CODE = YES;
				CLANG_WARN__DUPLICATE_METHOD_MATCH = YES;
				"CODE_SIGN_IDENTITY[sdk=iphoneos*]" = "iPhone Developer";
				COPY_PHASE_STRIP = NO;
				DEBUG_INFORMATION_FORMAT = dwarf;
				ENABLE_STRICT_OBJC_MSGSEND = YES;
				ENABLE_TESTABILITY = YES;
				GCC_C_LANGUAGE_STANDARD = gnu99;
				GCC_DYNAMIC_NO_PIC = NO;
				GCC_NO_COMMON_BLOCKS = YES;
				GCC_OPTIMIZATION_LEVEL = 0;
				GCC_PREPROCESSOR_DEFINITIONS = (
					"DEBUG=1",
					"$(inherited)",
				);
				GCC_WARN_64_TO_32_BIT_CONVERSION = YES;
				GCC_WARN_ABOUT_RETURN_TYPE = YES_ERROR;
				GCC_WARN_UNDECLARED_SELECTOR = YES;
				GCC_WARN_UNINITIALIZED_AUTOS = YES_AGGRESSIVE;
				GCC_WARN_UNUSED_FUNCTION = YES;
				GCC_WARN_UNUSED_VARIABLE = YES;
				IPHONEOS_DEPLOYMENT_TARGET = 10.0;
				MTL_ENABLE_DEBUG_INFO = YES;
				ONLY_ACTIVE_ARCH = YES;
				SDKROOT = iphoneos;
				SWIFT_ACTIVE_COMPILATION_CONDITIONS = DEBUG;
				SWIFT_OPTIMIZATION_LEVEL = "-Onone";
				TARGETED_DEVICE_FAMILY = "1,2";
			};
			name = Debug;
		};
		8BE79E0F203E5B760069FA05 /* Release */ = {
			isa = XCBuildConfiguration;
			buildSettings = {
				ALWAYS_SEARCH_USER_PATHS = NO;
				CLANG_ANALYZER_NONNULL = YES;
				CLANG_CXX_LANGUAGE_STANDARD = "gnu++0x";
				CLANG_CXX_LIBRARY = "libc++";
				CLANG_ENABLE_MODULES = YES;
				CLANG_ENABLE_OBJC_ARC = YES;
				CLANG_WARN_BOOL_CONVERSION = YES;
				CLANG_WARN_CONSTANT_CONVERSION = YES;
				CLANG_WARN_DIRECT_OBJC_ISA_USAGE = YES_ERROR;
				CLANG_WARN_DOCUMENTATION_COMMENTS = YES;
				CLANG_WARN_EMPTY_BODY = YES;
				CLANG_WARN_ENUM_CONVERSION = YES;
				CLANG_WARN_INFINITE_RECURSION = YES;
				CLANG_WARN_INT_CONVERSION = YES;
				CLANG_WARN_OBJC_ROOT_CLASS = YES_ERROR;
				CLANG_WARN_SUSPICIOUS_MOVES = YES;
				CLANG_WARN_UNREACHABLE_CODE = YES;
				CLANG_WARN__DUPLICATE_METHOD_MATCH = YES;
				"CODE_SIGN_IDENTITY[sdk=iphoneos*]" = "iPhone Developer";
				COPY_PHASE_STRIP = NO;
				DEBUG_INFORMATION_FORMAT = "dwarf-with-dsym";
				ENABLE_NS_ASSERTIONS = NO;
				ENABLE_STRICT_OBJC_MSGSEND = YES;
				GCC_C_LANGUAGE_STANDARD = gnu99;
				GCC_NO_COMMON_BLOCKS = YES;
				GCC_WARN_64_TO_32_BIT_CONVERSION = YES;
				GCC_WARN_ABOUT_RETURN_TYPE = YES_ERROR;
				GCC_WARN_UNDECLARED_SELECTOR = YES;
				GCC_WARN_UNINITIALIZED_AUTOS = YES_AGGRESSIVE;
				GCC_WARN_UNUSED_FUNCTION = YES;
				GCC_WARN_UNUSED_VARIABLE = YES;
				IPHONEOS_DEPLOYMENT_TARGET = 10.0;
				MTL_ENABLE_DEBUG_INFO = NO;
				SDKROOT = iphoneos;
				SWIFT_OPTIMIZATION_LEVEL = "-Owholemodule";
				TARGETED_DEVICE_FAMILY = "1,2";
				VALIDATE_PRODUCT = YES;
			};
			name = Release;
		};
		8BE79E11203E5B760069FA05 /* Debug */ = {
			isa = XCBuildConfiguration;
			buildSettings = {
				ASSETCATALOG_COMPILER_APPICON_NAME = AppIcon;
				INFOPLIST_FILE = BloodBankApp/Info.plist;
				LD_RUNPATH_SEARCH_PATHS = "$(inherited) @executable_path/Frameworks";
				PRODUCT_BUNDLE_IDENTIFIER = projectAI.BloodBankApp;
				PRODUCT_NAME = "$(TARGET_NAME)";
				SWIFT_VERSION = 3.0;
			};
			name = Debug;
		};
		8BE79E12203E5B760069FA05 /* Release */ = {
			isa = XCBuildConfiguration;
			buildSettings = {
				ASSETCATALOG_COMPILER_APPICON_NAME = AppIcon;
				INFOPLIST_FILE = BloodBankApp/Info.plist;
				LD_RUNPATH_SEARCH_PATHS = "$(inherited) @executable_path/Frameworks";
				PRODUCT_BUNDLE_IDENTIFIER = projectAI.BloodBankApp;
				PRODUCT_NAME = "$(TARGET_NAME)";
				SWIFT_VERSION = 3.0;
			};
			name = Release;
		};
		8BE79E14203E5B760069FA05 /* Debug */ = {
			isa = XCBuildConfiguration;
			buildSettings = {
				ALWAYS_EMBED_SWIFT_STANDARD_LIBRARIES = YES;
				BUNDLE_LOADER = "$(TEST_HOST)";
				INFOPLIST_FILE = BloodBankAppTests/Info.plist;
				LD_RUNPATH_SEARCH_PATHS = "$(inherited) @executable_path/Frameworks @loader_path/Frameworks";
				PRODUCT_BUNDLE_IDENTIFIER = projectAI.BloodBankAppTests;
				PRODUCT_NAME = "$(TARGET_NAME)";
				SWIFT_VERSION = 3.0;
				TEST_HOST = "$(BUILT_PRODUCTS_DIR)/BloodBankApp.app/BloodBankApp";
			};
			name = Debug;
		};
		8BE79E15203E5B760069FA05 /* Release */ = {
			isa = XCBuildConfiguration;
			buildSettings = {
				ALWAYS_EMBED_SWIFT_STANDARD_LIBRARIES = YES;
				BUNDLE_LOADER = "$(TEST_HOST)";
				INFOPLIST_FILE = BloodBankAppTests/Info.plist;
				LD_RUNPATH_SEARCH_PATHS = "$(inherited) @executable_path/Frameworks @loader_path/Frameworks";
				PRODUCT_BUNDLE_IDENTIFIER = projectAI.BloodBankAppTests;
				PRODUCT_NAME = "$(TARGET_NAME)";
				SWIFT_VERSION = 3.0;
				TEST_HOST = "$(BUILT_PRODUCTS_DIR)/BloodBankApp.app/BloodBankApp";
			};
			name = Release;
		};
		8BE79E17203E5B760069FA05 /* Debug */ = {
			isa = XCBuildConfiguration;
			buildSettings = {
				ALWAYS_EMBED_SWIFT_STANDARD_LIBRARIES = YES;
				INFOPLIST_FILE = BloodBankAppUITests/Info.plist;
				LD_RUNPATH_SEARCH_PATHS = "$(inherited) @executable_path/Frameworks @loader_path/Frameworks";
				PRODUCT_BUNDLE_IDENTIFIER = projectAI.BloodBankAppUITests;
				PRODUCT_NAME = "$(TARGET_NAME)";
				SWIFT_VERSION = 3.0;
				TEST_TARGET_NAME = BloodBankApp;
			};
			name = Debug;
		};
		8BE79E18203E5B760069FA05 /* Release */ = {
			isa = XCBuildConfiguration;
			buildSettings = {
				ALWAYS_EMBED_SWIFT_STANDARD_LIBRARIES = YES;
				INFOPLIST_FILE = BloodBankAppUITests/Info.plist;
				LD_RUNPATH_SEARCH_PATHS = "$(inherited) @executable_path/Frameworks @loader_path/Frameworks";
				PRODUCT_BUNDLE_IDENTIFIER = projectAI.BloodBankAppUITests;
				PRODUCT_NAME = "$(TARGET_NAME)";
				SWIFT_VERSION = 3.0;
				TEST_TARGET_NAME = BloodBankApp;
			};
			name = Release;
		};
/* End XCBuildConfiguration section */

/* Begin XCConfigurationList section */
		8BE79DE0203E5B750069FA05 /* Build configuration list for PBXProject "BloodBankApp" */ = {
			isa = XCConfigurationList;
			buildConfigurations = (
				8BE79E0E203E5B760069FA05 /* Debug */,
				8BE79E0F203E5B760069FA05 /* Release */,
			);
			defaultConfigurationIsVisible = 0;
			defaultConfigurationName = Release;
		};
		8BE79E10203E5B760069FA05 /* Build configuration list for PBXNativeTarget "BloodBankApp" */ = {
			isa = XCConfigurationList;
			buildConfigurations = (
				8BE79E11203E5B760069FA05 /* Debug */,
				8BE79E12203E5B760069FA05 /* Release */,
			);
			defaultConfigurationIsVisible = 0;
			defaultConfigurationName = Release;
		};
		8BE79E13203E5B760069FA05 /* Build configuration list for PBXNativeTarget "BloodBankAppTests" */ = {
			isa = XCConfigurationList;
			buildConfigurations = (
				8BE79E14203E5B760069FA05 /* Debug */,
				8BE79E15203E5B760069FA05 /* Release */,
			);
			defaultConfigurationIsVisible = 0;
			defaultConfigurationName = Release;
		};
		8BE79E16203E5B760069FA05 /* Build configuration list for PBXNativeTarget "BloodBankAppUITests" */ = {
			isa = XCConfigurationList;
			buildConfigurations = (
				8BE79E17203E5B760069FA05 /* Debug */,
				8BE79E18203E5B760069FA05 /* Release */,
			);
			defaultConfigurationIsVisible = 0;
			defaultConfigurationName = Release;
		};
/* End XCConfigurationList section */

/* Begin XCVersionGroup section */
		8BE79DEF203E5B760069FA05 /* BloodBankApp.xcdatamodeld */ = {
			isa = XCVersionGroup;
			children = (
				8BE79DF0203E5B760069FA05 /* BloodBankApp.xcdatamodel */,
			);
			currentVersion = 8BE79DF0203E5B760069FA05 /* BloodBankApp.xcdatamodel */;
			path = BloodBankApp.xcdatamodeld;
			sourceTree = "<group>";
			versionGroupType = wrapper.xcdatamodel;
		};
/* End XCVersionGroup section */
	};
	rootObject = 8BE79DDD203E5B750069FA05 /* Project object */;
}
